
Microsoft Visual Studio Solution File, Format Version 12.00
# Visual Studio Version 16
VisualStudioVersion = 16.0.31129.286
MinimumVisualStudioVersion = 10.0.40219.1
Project("{FAE04EC0-301F-11D3-BF4B-00C04F79EFBC}") = "FileDatePrepend", "FileDatePrepend\FileDatePrepend.csproj", "{1BF32385-23E0-49A3-8C81-3651E3C0CC40}"
EndProject
Global
	GlobalSection(SolutionConfigurationPlatforms) = preSolution
		Debug|Any CPU = Debug|Any CPU
		Release|Any CPU = Release|Any CPU
	EndGlobalSection
	GlobalSection(ProjectConfigurationPlatforms) = postSolution
		{1BF32385-23E0-49A3-8C81-3651E3C0CC40}.Debug|Any CPU.ActiveCfg = Debug|Any CPU
		{1BF32385-23E0-49A3-8C81-3651E3C0CC40}.Debug|Any CPU.Build.0 = Debug|Any CPU
		{1BF32385-23E0-49A3-8C81-3651E3C0CC40}.Release|Any CPU.ActiveCfg = Release|Any CPU
		{1BF32385-23E0-49A3-8C81-3651E3C0CC40}.Release|Any CPU.Build.0 = Release|Any CPU
	EndGlobalSection
	GlobalSection(SolutionProperties) = preSolution
		HideSolutionNode = FALSE
	EndGlobalSection
	GlobalSection(ExtensibilityGlobals) = postSolution
		SolutionGuid = {C8E8C9BD-70B3-4AFF-BB04-339924A0BD59}
	EndGlobalSection
EndGlobal
